{
  "version": 4,
  "terraform_version": "1.15.8",
  "serial": 6,
  "lineage": "b9771c6b-43d8-2947-5e45-a104dcf382b2",
  "outputs": {},
  "resources": [
    {
      "mode": "managed",
      "type": "aws_dynamodb_table",
      "name": "c25_gabi_db",
      "provider": "provider[\"registry.terraform.io/hashicorp/aws\"]",
      "instances": [
        {
          "schema_version": 1,
          "attributes": {
            "arn": "arn:aws:dynamodb:eu-west-2:129033205317:table/c25-gabi-db",
            "attribute": [
              {
                "name": "article_id",
                "type": "S"
              },
              {
                "name": "published",
                "type": "S"
              }
            ],
            "billing_mode": "PAY_PER_REQUEST",
            "deletion_protection_enabled": false,
            "global_secondary_index": [],
            "global_table_witness": [],
            "hash_key": "article_id",
            "id": "c25-gabi-db",
            "import_table": [],
            "local_secondary_index": [],
            "name": "c25-gabi-db",
            "on_demand_throughput": [],
            "point_in_time_recovery": [
              {
                "enabled": false,
                "recovery_period_in_days": 0
              }
            ],
            "range_key": "published",
            "read_capacity": 0,
            "region": "eu-west-2",
            "replica": [],
            "restore_backup_arn": null,
            "restore_date_time": null,
            "restore_source_name": null,
            "restore_source_table_arn": null,
            "restore_to_latest_time": null,
            "server_side_encryption": [],
            "stream_arn": "",
            "stream_enabled": false,
            "stream_label": "",
            "stream_view_type": "",
            "table_class": "STANDARD",
            "tags": {},
            "tags_all": {},
            "timeouts": null,
            "ttl": [
              {
                "attribute_name": "",
                "enabled": false
              }
            ],
            "warm_throughput": [],
            "write_capacity": 0
          },
          "sensitive_attributes": [],
          "identity_schema_version": 0,
          "identity": {
            "account_id": "129033205317",
            "name": "c25-gabi-db",
            "region": "eu-west-2"
          },
          "private": "eyJlMmJmYjczMC1lY2FhLTExZTYtOGY4OC0zNDM2M2JjN2M0YzAiOnsiY3JlYXRlIjoxODAwMDAwMDAwMDAwLCJkZWxldGUiOjYwMDAwMDAwMDAwMCwidXBkYXRlIjozNjAwMDAwMDAwMDAwfSwic2NoZW1hX3ZlcnNpb24iOiIxIn0="
        }
      ]
    },
    {
      "mode": "managed",
      "type": "aws_iam_role",
      "name": "eventbridge_scheduler_role",
      "provider": "provider[\"registry.terraform.io/hashicorp/aws\"]",
      "instances": [
        {
          "schema_version": 0,
          "attributes": {
            "arn": "arn:aws:iam::129033205317:role/c25-gabi-eventbridge-scheduler-role",
            "assume_role_policy": "{\"Statement\":[{\"Action\":\"sts:AssumeRole\",\"Effect\":\"Allow\",\"Principal\":{\"Service\":\"scheduler.amazonaws.com\"}}],\"Version\":\"2012-10-17\"}",
            "create_date": "2026-09-09T14:33:34Z",
            "description": "",
            "force_detach_policies": false,
            "id": "c25-gabi-eventbridge-scheduler-role",
            "inline_policy": [],
            "managed_policy_arns": [],
            "max_session_duration": 3600,
            "name": "c25-gabi-eventbridge-scheduler-role",
            "name_prefix": "",
            "path": "/",
            "permissions_boundary": "",
            "tags": null,
            "tags_all": {},
            "unique_id": "AROAR4CX2OZCTTGSCPZA2"
          },
          "sensitive_attributes": [],
          "identity_schema_version": 0,
          "identity": {
            "account_id": "129033205317",
            "name": "c25-gabi-eventbridge-scheduler-role"
          },
          "private": "bnVsbA=="
        }
      ]
    },
    {
      "mode": "managed",
      "type": "aws_iam_role",
      "name": "extract_lambda_role",
      "provider": "provider[\"registry.terraform.io/hashicorp/aws\"]",
      "instances": [
        {
          "schema_version": 0,
          "attributes": {
            "arn": "arn:aws:iam::129033205317:role/c25-gabi-extract-lambda-role",
            "assume_role_policy": "{\"Statement\":[{\"Action\":\"sts:AssumeRole\",\"Effect\":\"Allow\",\"Principal\":{\"Service\":\"lambda.amazonaws.com\"}}],\"Version\":\"2012-10-17\"}",
            "create_date": "2026-09-09T14:33:34Z",
            "description": "",
            "force_detach_policies": false,
            "id": "c25-gabi-extract-lambda-role",
            "inline_policy": [],
            "managed_policy_arns": [],
            "max_session_duration": 3600,
            "name": "c25-gabi-extract-lambda-role",
            "name_prefix": "",
            "path": "/",
            "permissions_boundary": "",
            "tags": null,
            "tags_all": {},
            "unique_id": "AROAR4CX2OZC43CPNWIYU"
          },
          "sensitive_attributes": [],
          "identity_schema_version": 0,
          "identity": {
            "account_id": "129033205317",
            "name": "c25-gabi-extract-lambda-role"
          },
          "private": "bnVsbA=="
        }
      ]
    },
    {
      "mode": "managed",
      "type": "aws_iam_role_policy",
      "name": "lambda_policy",
      "provider": "provider[\"registry.terraform.io/hashicorp/aws\"]",
      "instances": [
        {
          "schema_version": 0,
          "attributes": {
            "id": "c25-gabi-extract-lambda-role:terraform-65559377b4e32ed455b2762964",
            "name": "terraform-65559377b4e32ed455b2762964",
            "name_prefix": "terraform-",
            "policy": "{\"Version\":\"2012-10-17\",\"Statement\":[{\"Action\":[\"logs:CreateLogGroup\",\"logs:CreateLogStream\",\"logs:PutLogEvents\"],\"Effect\":\"Allow\",\"Resource\":\"*\"},{\"Action\":[\"dynamodb:PutItem\",\"dynamodb:UpdateItem\"],\"Effect\":\"Allow\",\"Resource\":\"arn:aws:dynamodb:eu-west-2:129033205317:table/c25-gabi-db\"}]}",
            "role": "c25-gabi-extract-lambda-role"
          },
          "sensitive_attributes": [],
          "identity_schema_version": 0,
          "identity": {
            "account_id": "129033205317",
            "name": "terraform-65559377b4e32ed455b2762964",
            "role": "c25-gabi-extract-lambda-role"
          },
          "private": "bnVsbA==",
          "dependencies": [
            "aws_dynamodb_table.c25_gabi_db",
            "aws_iam_role.extract_lambda_role"
          ]
        }
      ]
    }
  ],
  "check_results": null
}
